
Microsoft Visual Studio Solution File, Format Version 12.00
# Visual Studio Version 17
VisualStudioVersion = 17.8.34330.188
MinimumVisualStudioVersion = 10.0.40219.1
Project("{8BC9CEB8-8B4A-11D0-8D11-00A0C91BC942}") = "VulkanTutorial", "VulkanTutorial\VulkanTutorial.vcxproj", "{DD034888-78B0-4F1E-BDF9-13D690C75127}"
EndProject
Global
	GlobalSection(SolutionConfigurationPlatforms) = preSolution
		Debug|x64 = Debug|x64
		Debug|x86 = Debug|x86
		Release|x64 = Release|x64
		Release|x86 = Release|x86
	EndGlobalSection
	GlobalSection(ProjectConfigurationPlatforms) = postSolution
		{DD034888-78B0-4F1E-BDF9-13D690C75127}.Debug|x64.ActiveCfg = Debug|x64
		{DD034888-78B0-4F1E-BDF9-13D690C75127}.Debug|x64.Build.0 = Debug|x64
		{DD034888-78B0-4F1E-BDF9-13D690C75127}.Debug|x86.ActiveCfg = Debug|Win32
		{DD034888-78B0-4F1E-BDF9-13D690C75127}.Debug|x86.Build.0 = Debug|Win32
		{DD034888-78B0-4F1E-BDF9-13D690C75127}.Release|x64.ActiveCfg = Release|x64
		{DD034888-78B0-4F1E-BDF9-13D690C75127}.Release|x64.Build.0 = Release|x64
		{DD034888-78B0-4F1E-BDF9-13D690C75127}.Release|x86.ActiveCfg = Release|Win32
		{DD034888-78B0-4F1E-BDF9-13D690C75127}.Release|x86.Build.0 = Release|Win32
	EndGlobalSection
	GlobalSection(SolutionProperties) = preSolution
		HideSolutionNode = FALSE
	EndGlobalSection
	GlobalSection(ExtensibilityGlobals) = postSolution
		SolutionGuid = {1A1F995A-A39F-4675-AE9A-E4C27BFCFC38}
	EndGlobalSection
EndGlobal
